<?xml version="1.0" encoding="utf-8"?>
<Project ToolsVersion="16.0" xmlns="http://schemas.microsoft.com/developer/msbuild/2003">
  <ItemGroup>
    <ClCompile Include="E:\dev\musicboxgames\repo\fullhearts\src\log\log.cc">
      <Filter>Source Files</Filter>
    </ClCompile>
  </ItemGroup>
  <ItemGroup>
    <CustomBuild Include="E:\dev\musicboxgames\repo\fullhearts\src\log\CMakeLists.txt" />
  </ItemGroup>
  <ItemGroup>
    <Filter Include="Source Files">
      <UniqueIdentifier>{B714A55D-AEFC-3132-BCD5-D28F1820A96B}</UniqueIdentifier>
    </Filter>
  </ItemGroup>
</Project>
