<?xml version="1.0" encoding="utf-8"?>
<Project ToolsVersion="16.0" xmlns="http://schemas.microsoft.com/developer/msbuild/2003">
  <ItemGroup>
    <ClCompile Include="E:\dev\musicboxgames\repo\fullhearts\src\core\debug.cc">
      <Filter>Source Files</Filter>
    </ClCompile>
    <ClCompile Include="E:\dev\musicboxgames\repo\fullhearts\src\core\dummy.cc">
      <Filter>Source Files</Filter>
    </ClCompile>
    <ClCompile Include="E:\dev\musicboxgames\repo\fullhearts\src\core\engine.cc">
      <Filter>Source Files</Filter>
    </ClCompile>
    <ClCompile Include="E:\dev\musicboxgames\repo\fullhearts\src\core\exception.cc">
      <Filter>Source Files</Filter>
    </ClCompile>
    <ClCompile Include="E:\dev\musicboxgames\repo\fullhearts\src\core\framewatcher.cc">
      <Filter>Source Files</Filter>
    </ClCompile>
    <ClCompile Include="E:\dev\musicboxgames\repo\fullhearts\src\core\gameobject.cc">
      <Filter>Source Files</Filter>
    </ClCompile>
    <ClCompile Include="E:\dev\musicboxgames\repo\fullhearts\src\core\interpreter.cc">
      <Filter>Source Files</Filter>
    </ClCompile>
    <ClCompile Include="E:\dev\musicboxgames\repo\fullhearts\src\core\io.cc">
      <Filter>Source Files</Filter>
    </ClCompile>
    <ClCompile Include="E:\dev\musicboxgames\repo\fullhearts\src\core\json_io.cc">
      <Filter>Source Files</Filter>
    </ClCompile>
    <ClCompile Include="E:\dev\musicboxgames\repo\fullhearts\src\core\networking.cc">
      <Filter>Source Files</Filter>
    </ClCompile>
    <ClCompile Include="E:\dev\musicboxgames\repo\fullhearts\src\core\script_object.cc">
      <Filter>Source Files</Filter>
    </ClCompile>
    <ClCompile Include="E:\dev\musicboxgames\repo\fullhearts\src\core\scripting.cc">
      <Filter>Source Files</Filter>
    </ClCompile>
    <ClCompile Include="E:\dev\musicboxgames\repo\fullhearts\src\core\settings.cc">
      <Filter>Source Files</Filter>
    </ClCompile>
    <ClCompile Include="E:\dev\musicboxgames\repo\fullhearts\src\core\space.cc">
      <Filter>Source Files</Filter>
    </ClCompile>
    <ClCompile Include="E:\dev\musicboxgames\repo\fullhearts\src\core\spacemanager.cc">
      <Filter>Source Files</Filter>
    </ClCompile>
    <ClCompile Include="E:\dev\musicboxgames\repo\fullhearts\src\core\thread_pool.cc">
      <Filter>Source Files</Filter>
    </ClCompile>
    <ClCompile Include="E:\dev\musicboxgames\repo\fullhearts\src\core\update.cc">
      <Filter>Source Files</Filter>
    </ClCompile>
  </ItemGroup>
  <ItemGroup>
    <CustomBuild Include="E:\dev\musicboxgames\repo\fullhearts\src\core\CMakeLists.txt" />
  </ItemGroup>
  <ItemGroup>
    <Filter Include="Source Files">
      <UniqueIdentifier>{B714A55D-AEFC-3132-BCD5-D28F1820A96B}</UniqueIdentifier>
    </Filter>
  </ItemGroup>
</Project>
