Microsoft Visual Studio Solution File, Format Version 12.00
# Visual Studio 16
Project("{8BC9CEB8-8B4A-11D0-8D11-00A0C91BC942}") = "ALL_BUILD", "ALL_BUILD.vcxproj", "{E66080D4-E2B6-3699-8092-561EAA315423}"
	ProjectSection(ProjectDependencies) = postProject
		{0108B27B-180B-3EF1-82EE-43D81FE5A9B9} = {0108B27B-180B-3EF1-82EE-43D81FE5A9B9}
		{EDE0E14A-FF0A-337D-B4A2-D1572A4B0853} = {EDE0E14A-FF0A-337D-B4A2-D1572A4B0853}
		{ECC68933-899D-311C-9973-E2F25D247443} = {ECC68933-899D-311C-9973-E2F25D247443}
		{01DB4503-9476-3B26-BC77-0BA3846A1EF5} = {01DB4503-9476-3B26-BC77-0BA3846A1EF5}
		{3A2E93D2-8AD8-3EFD-98C5-90DE4485154A} = {3A2E93D2-8AD8-3EFD-98C5-90DE4485154A}
		{D25C6EDA-9A05-3A3A-BF4D-262D465AE9C2} = {D25C6EDA-9A05-3A3A-BF4D-262D465AE9C2}
		{09FF7BC6-8EFA-3C49-9A4A-81D8128CABC2} = {09FF7BC6-8EFA-3C49-9A4A-81D8128CABC2}
		{A7211831-32B4-345A-8771-66AFD254DD8F} = {A7211831-32B4-345A-8771-66AFD254DD8F}
		{FB9660F3-811C-3CDE-80BA-68DA8E1555E3} = {FB9660F3-811C-3CDE-80BA-68DA8E1555E3}
		{422E0578-4197-31C7-A7A6-C374462A0076} = {422E0578-4197-31C7-A7A6-C374462A0076}
		{821A13C8-F8A0-3F16-BB57-F621DAB497FC} = {821A13C8-F8A0-3F16-BB57-F621DAB497FC}
		{D720F9BA-9869-3148-A37F-DEF5E86770C7} = {D720F9BA-9869-3148-A37F-DEF5E86770C7}
		{3B687FCC-46FE-341A-9318-96B6A0E0500B} = {3B687FCC-46FE-341A-9318-96B6A0E0500B}
		{AD2173E2-A5EA-30B0-A3D8-3ABA2ED0EEAA} = {AD2173E2-A5EA-30B0-A3D8-3ABA2ED0EEAA}
	EndProjectSection
EndProject
Project("{8BC9CEB8-8B4A-11D0-8D11-00A0C91BC942}") = "ZERO_CHECK", "ZERO_CHECK.vcxproj", "{0108B27B-180B-3EF1-82EE-43D81FE5A9B9}"
	ProjectSection(ProjectDependencies) = postProject
	EndProjectSection
EndProject
Project("{8BC9CEB8-8B4A-11D0-8D11-00A0C91BC942}") = "audio", "src\audio\audio.vcxproj", "{EDE0E14A-FF0A-337D-B4A2-D1572A4B0853}"
	ProjectSection(ProjectDependencies) = postProject
		{0108B27B-180B-3EF1-82EE-43D81FE5A9B9} = {0108B27B-180B-3EF1-82EE-43D81FE5A9B9}
	EndProjectSection
EndProject
Project("{8BC9CEB8-8B4A-11D0-8D11-00A0C91BC942}") = "components", "src\components\components.vcxproj", "{ECC68933-899D-311C-9973-E2F25D247443}"
	ProjectSection(ProjectDependencies) = postProject
		{0108B27B-180B-3EF1-82EE-43D81FE5A9B9} = {0108B27B-180B-3EF1-82EE-43D81FE5A9B9}
	EndProjectSection
EndProject
Project("{8BC9CEB8-8B4A-11D0-8D11-00A0C91BC942}") = "core", "src\core\core.vcxproj", "{01DB4503-9476-3B26-BC77-0BA3846A1EF5}"
	ProjectSection(ProjectDependencies) = postProject
		{0108B27B-180B-3EF1-82EE-43D81FE5A9B9} = {0108B27B-180B-3EF1-82EE-43D81FE5A9B9}
	EndProjectSection
EndProject
Project("{8BC9CEB8-8B4A-11D0-8D11-00A0C91BC942}") = "events", "src\events\events.vcxproj", "{3A2E93D2-8AD8-3EFD-98C5-90DE4485154A}"
	ProjectSection(ProjectDependencies) = postProject
		{0108B27B-180B-3EF1-82EE-43D81FE5A9B9} = {0108B27B-180B-3EF1-82EE-43D81FE5A9B9}
	EndProjectSection
EndProject
Project("{8BC9CEB8-8B4A-11D0-8D11-00A0C91BC942}") = "factory", "src\factory\factory.vcxproj", "{D25C6EDA-9A05-3A3A-BF4D-262D465AE9C2}"
	ProjectSection(ProjectDependencies) = postProject
		{0108B27B-180B-3EF1-82EE-43D81FE5A9B9} = {0108B27B-180B-3EF1-82EE-43D81FE5A9B9}
	EndProjectSection
EndProject
Project("{8BC9CEB8-8B4A-11D0-8D11-00A0C91BC942}") = "fh", "fh.vcxproj", "{09FF7BC6-8EFA-3C49-9A4A-81D8128CABC2}"
	ProjectSection(ProjectDependencies) = postProject
		{0108B27B-180B-3EF1-82EE-43D81FE5A9B9} = {0108B27B-180B-3EF1-82EE-43D81FE5A9B9}
		{EDE0E14A-FF0A-337D-B4A2-D1572A4B0853} = {EDE0E14A-FF0A-337D-B4A2-D1572A4B0853}
		{ECC68933-899D-311C-9973-E2F25D247443} = {ECC68933-899D-311C-9973-E2F25D247443}
		{01DB4503-9476-3B26-BC77-0BA3846A1EF5} = {01DB4503-9476-3B26-BC77-0BA3846A1EF5}
		{3A2E93D2-8AD8-3EFD-98C5-90DE4485154A} = {3A2E93D2-8AD8-3EFD-98C5-90DE4485154A}
		{D25C6EDA-9A05-3A3A-BF4D-262D465AE9C2} = {D25C6EDA-9A05-3A3A-BF4D-262D465AE9C2}
		{A7211831-32B4-345A-8771-66AFD254DD8F} = {A7211831-32B4-345A-8771-66AFD254DD8F}
		{FB9660F3-811C-3CDE-80BA-68DA8E1555E3} = {FB9660F3-811C-3CDE-80BA-68DA8E1555E3}
		{422E0578-4197-31C7-A7A6-C374462A0076} = {422E0578-4197-31C7-A7A6-C374462A0076}
		{821A13C8-F8A0-3F16-BB57-F621DAB497FC} = {821A13C8-F8A0-3F16-BB57-F621DAB497FC}
		{D720F9BA-9869-3148-A37F-DEF5E86770C7} = {D720F9BA-9869-3148-A37F-DEF5E86770C7}
		{3B687FCC-46FE-341A-9318-96B6A0E0500B} = {3B687FCC-46FE-341A-9318-96B6A0E0500B}
		{AD2173E2-A5EA-30B0-A3D8-3ABA2ED0EEAA} = {AD2173E2-A5EA-30B0-A3D8-3ABA2ED0EEAA}
	EndProjectSection
EndProject
Project("{8BC9CEB8-8B4A-11D0-8D11-00A0C91BC942}") = "graphics", "src\graphics\graphics.vcxproj", "{A7211831-32B4-345A-8771-66AFD254DD8F}"
	ProjectSection(ProjectDependencies) = postProject
		{0108B27B-180B-3EF1-82EE-43D81FE5A9B9} = {0108B27B-180B-3EF1-82EE-43D81FE5A9B9}
	EndProjectSection
EndProject
Project("{8BC9CEB8-8B4A-11D0-8D11-00A0C91BC942}") = "log", "src\log\log.vcxproj", "{FB9660F3-811C-3CDE-80BA-68DA8E1555E3}"
	ProjectSection(ProjectDependencies) = postProject
		{0108B27B-180B-3EF1-82EE-43D81FE5A9B9} = {0108B27B-180B-3EF1-82EE-43D81FE5A9B9}
	EndProjectSection
EndProject
Project("{8BC9CEB8-8B4A-11D0-8D11-00A0C91BC942}") = "physics", "src\physics\physics.vcxproj", "{422E0578-4197-31C7-A7A6-C374462A0076}"
	ProjectSection(ProjectDependencies) = postProject
		{0108B27B-180B-3EF1-82EE-43D81FE5A9B9} = {0108B27B-180B-3EF1-82EE-43D81FE5A9B9}
	EndProjectSection
EndProject
Project("{8BC9CEB8-8B4A-11D0-8D11-00A0C91BC942}") = "scenes", "src\scenes\scenes.vcxproj", "{821A13C8-F8A0-3F16-BB57-F621DAB497FC}"
	ProjectSection(ProjectDependencies) = postProject
		{0108B27B-180B-3EF1-82EE-43D81FE5A9B9} = {0108B27B-180B-3EF1-82EE-43D81FE5A9B9}
	EndProjectSection
EndProject
Project("{8BC9CEB8-8B4A-11D0-8D11-00A0C91BC942}") = "tests", "src\tests\tests.vcxproj", "{D720F9BA-9869-3148-A37F-DEF5E86770C7}"
	ProjectSection(ProjectDependencies) = postProject
		{0108B27B-180B-3EF1-82EE-43D81FE5A9B9} = {0108B27B-180B-3EF1-82EE-43D81FE5A9B9}
	EndProjectSection
EndProject
Project("{8BC9CEB8-8B4A-11D0-8D11-00A0C91BC942}") = "ui", "src\ui\ui.vcxproj", "{3B687FCC-46FE-341A-9318-96B6A0E0500B}"
	ProjectSection(ProjectDependencies) = postProject
		{0108B27B-180B-3EF1-82EE-43D81FE5A9B9} = {0108B27B-180B-3EF1-82EE-43D81FE5A9B9}
	EndProjectSection
EndProject
Project("{8BC9CEB8-8B4A-11D0-8D11-00A0C91BC942}") = "utils", "src\utils\utils.vcxproj", "{AD2173E2-A5EA-30B0-A3D8-3ABA2ED0EEAA}"
	ProjectSection(ProjectDependencies) = postProject
		{0108B27B-180B-3EF1-82EE-43D81FE5A9B9} = {0108B27B-180B-3EF1-82EE-43D81FE5A9B9}
	EndProjectSection
EndProject
Global
	GlobalSection(SolutionConfigurationPlatforms) = preSolution
		Debug|x64 = Debug|x64
		Release|x64 = Release|x64
		MinSizeRel|x64 = MinSizeRel|x64
		RelWithDebInfo|x64 = RelWithDebInfo|x64
	EndGlobalSection
	GlobalSection(ProjectConfigurationPlatforms) = postSolution
		{E66080D4-E2B6-3699-8092-561EAA315423}.Debug|x64.ActiveCfg = Debug|x64
		{E66080D4-E2B6-3699-8092-561EAA315423}.Release|x64.ActiveCfg = Release|x64
		{E66080D4-E2B6-3699-8092-561EAA315423}.MinSizeRel|x64.ActiveCfg = MinSizeRel|x64
		{E66080D4-E2B6-3699-8092-561EAA315423}.RelWithDebInfo|x64.ActiveCfg = RelWithDebInfo|x64
		{0108B27B-180B-3EF1-82EE-43D81FE5A9B9}.Debug|x64.ActiveCfg = Debug|x64
		{0108B27B-180B-3EF1-82EE-43D81FE5A9B9}.Debug|x64.Build.0 = Debug|x64
		{0108B27B-180B-3EF1-82EE-43D81FE5A9B9}.Release|x64.ActiveCfg = Release|x64
		{0108B27B-180B-3EF1-82EE-43D81FE5A9B9}.Release|x64.Build.0 = Release|x64
		{0108B27B-180B-3EF1-82EE-43D81FE5A9B9}.MinSizeRel|x64.ActiveCfg = MinSizeRel|x64
		{0108B27B-180B-3EF1-82EE-43D81FE5A9B9}.MinSizeRel|x64.Build.0 = MinSizeRel|x64
		{0108B27B-180B-3EF1-82EE-43D81FE5A9B9}.RelWithDebInfo|x64.ActiveCfg = RelWithDebInfo|x64
		{0108B27B-180B-3EF1-82EE-43D81FE5A9B9}.RelWithDebInfo|x64.Build.0 = RelWithDebInfo|x64
		{EDE0E14A-FF0A-337D-B4A2-D1572A4B0853}.Debug|x64.ActiveCfg = Debug|x64
		{EDE0E14A-FF0A-337D-B4A2-D1572A4B0853}.Debug|x64.Build.0 = Debug|x64
		{EDE0E14A-FF0A-337D-B4A2-D1572A4B0853}.Release|x64.ActiveCfg = Release|x64
		{EDE0E14A-FF0A-337D-B4A2-D1572A4B0853}.Release|x64.Build.0 = Release|x64
		{EDE0E14A-FF0A-337D-B4A2-D1572A4B0853}.MinSizeRel|x64.ActiveCfg = MinSizeRel|x64
		{EDE0E14A-FF0A-337D-B4A2-D1572A4B0853}.MinSizeRel|x64.Build.0 = MinSizeRel|x64
		{EDE0E14A-FF0A-337D-B4A2-D1572A4B0853}.RelWithDebInfo|x64.ActiveCfg = RelWithDebInfo|x64
		{EDE0E14A-FF0A-337D-B4A2-D1572A4B0853}.RelWithDebInfo|x64.Build.0 = RelWithDebInfo|x64
		{ECC68933-899D-311C-9973-E2F25D247443}.Debug|x64.ActiveCfg = Debug|x64
		{ECC68933-899D-311C-9973-E2F25D247443}.Debug|x64.Build.0 = Debug|x64
		{ECC68933-899D-311C-9973-E2F25D247443}.Release|x64.ActiveCfg = Release|x64
		{ECC68933-899D-311C-9973-E2F25D247443}.Release|x64.Build.0 = Release|x64
		{ECC68933-899D-311C-9973-E2F25D247443}.MinSizeRel|x64.ActiveCfg = MinSizeRel|x64
		{ECC68933-899D-311C-9973-E2F25D247443}.MinSizeRel|x64.Build.0 = MinSizeRel|x64
		{ECC68933-899D-311C-9973-E2F25D247443}.RelWithDebInfo|x64.ActiveCfg = RelWithDebInfo|x64
		{ECC68933-899D-311C-9973-E2F25D247443}.RelWithDebInfo|x64.Build.0 = RelWithDebInfo|x64
		{01DB4503-9476-3B26-BC77-0BA3846A1EF5}.Debug|x64.ActiveCfg = Debug|x64
		{01DB4503-9476-3B26-BC77-0BA3846A1EF5}.Debug|x64.Build.0 = Debug|x64
		{01DB4503-9476-3B26-BC77-0BA3846A1EF5}.Release|x64.ActiveCfg = Release|x64
		{01DB4503-9476-3B26-BC77-0BA3846A1EF5}.Release|x64.Build.0 = Release|x64
		{01DB4503-9476-3B26-BC77-0BA3846A1EF5}.MinSizeRel|x64.ActiveCfg = MinSizeRel|x64
		{01DB4503-9476-3B26-BC77-0BA3846A1EF5}.MinSizeRel|x64.Build.0 = MinSizeRel|x64
		{01DB4503-9476-3B26-BC77-0BA3846A1EF5}.RelWithDebInfo|x64.ActiveCfg = RelWithDebInfo|x64
		{01DB4503-9476-3B26-BC77-0BA3846A1EF5}.RelWithDebInfo|x64.Build.0 = RelWithDebInfo|x64
		{3A2E93D2-8AD8-3EFD-98C5-90DE4485154A}.Debug|x64.ActiveCfg = Debug|x64
		{3A2E93D2-8AD8-3EFD-98C5-90DE4485154A}.Debug|x64.Build.0 = Debug|x64
		{3A2E93D2-8AD8-3EFD-98C5-90DE4485154A}.Release|x64.ActiveCfg = Release|x64
		{3A2E93D2-8AD8-3EFD-98C5-90DE4485154A}.Release|x64.Build.0 = Release|x64
		{3A2E93D2-8AD8-3EFD-98C5-90DE4485154A}.MinSizeRel|x64.ActiveCfg = MinSizeRel|x64
		{3A2E93D2-8AD8-3EFD-98C5-90DE4485154A}.MinSizeRel|x64.Build.0 = MinSizeRel|x64
		{3A2E93D2-8AD8-3EFD-98C5-90DE4485154A}.RelWithDebInfo|x64.ActiveCfg = RelWithDebInfo|x64
		{3A2E93D2-8AD8-3EFD-98C5-90DE4485154A}.RelWithDebInfo|x64.Build.0 = RelWithDebInfo|x64
		{D25C6EDA-9A05-3A3A-BF4D-262D465AE9C2}.Debug|x64.ActiveCfg = Debug|x64
		{D25C6EDA-9A05-3A3A-BF4D-262D465AE9C2}.Debug|x64.Build.0 = Debug|x64
		{D25C6EDA-9A05-3A3A-BF4D-262D465AE9C2}.Release|x64.ActiveCfg = Release|x64
		{D25C6EDA-9A05-3A3A-BF4D-262D465AE9C2}.Release|x64.Build.0 = Release|x64
		{D25C6EDA-9A05-3A3A-BF4D-262D465AE9C2}.MinSizeRel|x64.ActiveCfg = MinSizeRel|x64
		{D25C6EDA-9A05-3A3A-BF4D-262D465AE9C2}.MinSizeRel|x64.Build.0 = MinSizeRel|x64
		{D25C6EDA-9A05-3A3A-BF4D-262D465AE9C2}.RelWithDebInfo|x64.ActiveCfg = RelWithDebInfo|x64
		{D25C6EDA-9A05-3A3A-BF4D-262D465AE9C2}.RelWithDebInfo|x64.Build.0 = RelWithDebInfo|x64
		{09FF7BC6-8EFA-3C49-9A4A-81D8128CABC2}.Debug|x64.ActiveCfg = Debug|x64
		{09FF7BC6-8EFA-3C49-9A4A-81D8128CABC2}.Debug|x64.Build.0 = Debug|x64
		{09FF7BC6-8EFA-3C49-9A4A-81D8128CABC2}.Release|x64.ActiveCfg = Release|x64
		{09FF7BC6-8EFA-3C49-9A4A-81D8128CABC2}.Release|x64.Build.0 = Release|x64
		{09FF7BC6-8EFA-3C49-9A4A-81D8128CABC2}.MinSizeRel|x64.ActiveCfg = MinSizeRel|x64
		{09FF7BC6-8EFA-3C49-9A4A-81D8128CABC2}.MinSizeRel|x64.Build.0 = MinSizeRel|x64
		{09FF7BC6-8EFA-3C49-9A4A-81D8128CABC2}.RelWithDebInfo|x64.ActiveCfg = RelWithDebInfo|x64
		{09FF7BC6-8EFA-3C49-9A4A-81D8128CABC2}.RelWithDebInfo|x64.Build.0 = RelWithDebInfo|x64
		{A7211831-32B4-345A-8771-66AFD254DD8F}.Debug|x64.ActiveCfg = Debug|x64
		{A7211831-32B4-345A-8771-66AFD254DD8F}.Debug|x64.Build.0 = Debug|x64
		{A7211831-32B4-345A-8771-66AFD254DD8F}.Release|x64.ActiveCfg = Release|x64
		{A7211831-32B4-345A-8771-66AFD254DD8F}.Release|x64.Build.0 = Release|x64
		{A7211831-32B4-345A-8771-66AFD254DD8F}.MinSizeRel|x64.ActiveCfg = MinSizeRel|x64
		{A7211831-32B4-345A-8771-66AFD254DD8F}.MinSizeRel|x64.Build.0 = MinSizeRel|x64
		{A7211831-32B4-345A-8771-66AFD254DD8F}.RelWithDebInfo|x64.ActiveCfg = RelWithDebInfo|x64
		{A7211831-32B4-345A-8771-66AFD254DD8F}.RelWithDebInfo|x64.Build.0 = RelWithDebInfo|x64
		{FB9660F3-811C-3CDE-80BA-68DA8E1555E3}.Debug|x64.ActiveCfg = Debug|x64
		{FB9660F3-811C-3CDE-80BA-68DA8E1555E3}.Debug|x64.Build.0 = Debug|x64
		{FB9660F3-811C-3CDE-80BA-68DA8E1555E3}.Release|x64.ActiveCfg = Release|x64
		{FB9660F3-811C-3CDE-80BA-68DA8E1555E3}.Release|x64.Build.0 = Release|x64
		{FB9660F3-811C-3CDE-80BA-68DA8E1555E3}.MinSizeRel|x64.ActiveCfg = MinSizeRel|x64
		{FB9660F3-811C-3CDE-80BA-68DA8E1555E3}.MinSizeRel|x64.Build.0 = MinSizeRel|x64
		{FB9660F3-811C-3CDE-80BA-68DA8E1555E3}.RelWithDebInfo|x64.ActiveCfg = RelWithDebInfo|x64
		{FB9660F3-811C-3CDE-80BA-68DA8E1555E3}.RelWithDebInfo|x64.Build.0 = RelWithDebInfo|x64
		{422E0578-4197-31C7-A7A6-C374462A0076}.Debug|x64.ActiveCfg = Debug|x64
		{422E0578-4197-31C7-A7A6-C374462A0076}.Debug|x64.Build.0 = Debug|x64
		{422E0578-4197-31C7-A7A6-C374462A0076}.Release|x64.ActiveCfg = Release|x64
		{422E0578-4197-31C7-A7A6-C374462A0076}.Release|x64.Build.0 = Release|x64
		{422E0578-4197-31C7-A7A6-C374462A0076}.MinSizeRel|x64.ActiveCfg = MinSizeRel|x64
		{422E0578-4197-31C7-A7A6-C374462A0076}.MinSizeRel|x64.Build.0 = MinSizeRel|x64
		{422E0578-4197-31C7-A7A6-C374462A0076}.RelWithDebInfo|x64.ActiveCfg = RelWithDebInfo|x64
		{422E0578-4197-31C7-A7A6-C374462A0076}.RelWithDebInfo|x64.Build.0 = RelWithDebInfo|x64
		{821A13C8-F8A0-3F16-BB57-F621DAB497FC}.Debug|x64.ActiveCfg = Debug|x64
		{821A13C8-F8A0-3F16-BB57-F621DAB497FC}.Debug|x64.Build.0 = Debug|x64
		{821A13C8-F8A0-3F16-BB57-F621DAB497FC}.Release|x64.ActiveCfg = Release|x64
		{821A13C8-F8A0-3F16-BB57-F621DAB497FC}.Release|x64.Build.0 = Release|x64
		{821A13C8-F8A0-3F16-BB57-F621DAB497FC}.MinSizeRel|x64.ActiveCfg = MinSizeRel|x64
		{821A13C8-F8A0-3F16-BB57-F621DAB497FC}.MinSizeRel|x64.Build.0 = MinSizeRel|x64
		{821A13C8-F8A0-3F16-BB57-F621DAB497FC}.RelWithDebInfo|x64.ActiveCfg = RelWithDebInfo|x64
		{821A13C8-F8A0-3F16-BB57-F621DAB497FC}.RelWithDebInfo|x64.Build.0 = RelWithDebInfo|x64
		{D720F9BA-9869-3148-A37F-DEF5E86770C7}.Debug|x64.ActiveCfg = Debug|x64
		{D720F9BA-9869-3148-A37F-DEF5E86770C7}.Debug|x64.Build.0 = Debug|x64
		{D720F9BA-9869-3148-A37F-DEF5E86770C7}.Release|x64.ActiveCfg = Release|x64
		{D720F9BA-9869-3148-A37F-DEF5E86770C7}.Release|x64.Build.0 = Release|x64
		{D720F9BA-9869-3148-A37F-DEF5E86770C7}.MinSizeRel|x64.ActiveCfg = MinSizeRel|x64
		{D720F9BA-9869-3148-A37F-DEF5E86770C7}.MinSizeRel|x64.Build.0 = MinSizeRel|x64
		{D720F9BA-9869-3148-A37F-DEF5E86770C7}.RelWithDebInfo|x64.ActiveCfg = RelWithDebInfo|x64
		{D720F9BA-9869-3148-A37F-DEF5E86770C7}.RelWithDebInfo|x64.Build.0 = RelWithDebInfo|x64
		{3B687FCC-46FE-341A-9318-96B6A0E0500B}.Debug|x64.ActiveCfg = Debug|x64
		{3B687FCC-46FE-341A-9318-96B6A0E0500B}.Debug|x64.Build.0 = Debug|x64
		{3B687FCC-46FE-341A-9318-96B6A0E0500B}.Release|x64.ActiveCfg = Release|x64
		{3B687FCC-46FE-341A-9318-96B6A0E0500B}.Release|x64.Build.0 = Release|x64
		{3B687FCC-46FE-341A-9318-96B6A0E0500B}.MinSizeRel|x64.ActiveCfg = MinSizeRel|x64
		{3B687FCC-46FE-341A-9318-96B6A0E0500B}.MinSizeRel|x64.Build.0 = MinSizeRel|x64
		{3B687FCC-46FE-341A-9318-96B6A0E0500B}.RelWithDebInfo|x64.ActiveCfg = RelWithDebInfo|x64
		{3B687FCC-46FE-341A-9318-96B6A0E0500B}.RelWithDebInfo|x64.Build.0 = RelWithDebInfo|x64
		{AD2173E2-A5EA-30B0-A3D8-3ABA2ED0EEAA}.Debug|x64.ActiveCfg = Debug|x64
		{AD2173E2-A5EA-30B0-A3D8-3ABA2ED0EEAA}.Debug|x64.Build.0 = Debug|x64
		{AD2173E2-A5EA-30B0-A3D8-3ABA2ED0EEAA}.Release|x64.ActiveCfg = Release|x64
		{AD2173E2-A5EA-30B0-A3D8-3ABA2ED0EEAA}.Release|x64.Build.0 = Release|x64
		{AD2173E2-A5EA-30B0-A3D8-3ABA2ED0EEAA}.MinSizeRel|x64.ActiveCfg = MinSizeRel|x64
		{AD2173E2-A5EA-30B0-A3D8-3ABA2ED0EEAA}.MinSizeRel|x64.Build.0 = MinSizeRel|x64
		{AD2173E2-A5EA-30B0-A3D8-3ABA2ED0EEAA}.RelWithDebInfo|x64.ActiveCfg = RelWithDebInfo|x64
		{AD2173E2-A5EA-30B0-A3D8-3ABA2ED0EEAA}.RelWithDebInfo|x64.Build.0 = RelWithDebInfo|x64
	EndGlobalSection
	GlobalSection(ExtensibilityGlobals) = postSolution
		SolutionGuid = {DADFF199-E299-3799-A37F-37E0E395113A}
	EndGlobalSection
	GlobalSection(ExtensibilityAddIns) = postSolution
	EndGlobalSection
EndGlobal
